// !$*UTF8*$!
{
	archiveVersion = 1;
	classes = {
	};
	objectVersion = 50;
	objects = {

/* Begin PBXBuildFile section */
		BE89B12B21C96EF700923CED /* AppDelegate.swift in Sources */ = {isa = PBXBuildFile; fileRef = BE89B12A21C96EF700923CED /* AppDelegate.swift */; };
		BE89B12D21C96EF700923CED /* ViewController.swift in Sources */ = {isa = PBXBuildFile; fileRef = BE89B12C21C96EF700923CED /* ViewController.swift */; };
		BE89B13021C96EF700923CED /* Main.storyboard in Resources */ = {isa = PBXBuildFile; fileRef = BE89B12E21C96EF700923CED /* Main.storyboard */; };
		BE89B13221C96EF800923CED /* Assets.xcassets in Resources */ = {isa = PBXBuildFile; fileRef = BE89B13121C96EF800923CED /* Assets.xcassets */; };
		BE89B13521C96EF800923CED /* LaunchScreen.storyboard in Resources */ = {isa = PBXBuildFile; fileRef = BE89B13321C96EF800923CED /* LaunchScreen.storyboard */; };
		BEA1FEB421CABD9600152B15 /* Phunware.framework in Frameworks */ = {isa = PBXBuildFile; fileRef = BEA1FEB121CABD6500152B15 /* Phunware.framework */; };
/* End PBXBuildFile section */

/* Begin PBXContainerItemProxy section */
		BEA1FEB021CABD6500152B15 /* PBXContainerItemProxy */ = {
			isa = PBXContainerItemProxy;
			containerPortal = BEA1FEAC21CABD6500152B15 /* Phunware.xcodeproj */;
			proxyType = 2;
			remoteGlobalIDString = BEBE2554207C1D5E00D7C655;
			remoteInfo = Phunware;
		};
/* End PBXContainerItemProxy section */

/* Begin PBXFileReference section */
		BE89B12821C96EF700923CED /* Sample.app */ = {isa = PBXFileReference; explicitFileType = wrapper.application; includeInIndex = 0; path = Sample.app; sourceTree = BUILT_PRODUCTS_DIR; };
		BE89B12A21C96EF700923CED /* AppDelegate.swift */ = {isa = PBXFileReference; lastKnownFileType = sourcecode.swift; path = AppDelegate.swift; sourceTree = "<group>"; };
		BE89B12C21C96EF700923CED /* ViewController.swift */ = {isa = PBXFileReference; lastKnownFileType = sourcecode.swift; path = ViewController.swift; sourceTree = "<group>"; };
		BE89B12F21C96EF700923CED /* Base */ = {isa = PBXFileReference; lastKnownFileType = file.storyboard; name = Base; path = Base.lproj/Main.storyboard; sourceTree = "<group>"; };
		BE89B13121C96EF800923CED /* Assets.xcassets */ = {isa = PBXFileReference; lastKnownFileType = folder.assetcatalog; path = Assets.xcassets; sourceTree = "<group>"; };
		BE89B13421C96EF800923CED /* Base */ = {isa = PBXFileReference; lastKnownFileType = file.storyboard; name = Base; path = Base.lproj/LaunchScreen.storyboard; sourceTree = "<group>"; };
		BE89B13621C96EF800923CED /* Info.plist */ = {isa = PBXFileReference; lastKnownFileType = text.plist.xml; path = Info.plist; sourceTree = "<group>"; };
		BE89B13B21C96F7500923CED /* Phunware.framework */ = {isa = PBXFileReference; explicitFileType = wrapper.framework; path = Phunware.framework; sourceTree = BUILT_PRODUCTS_DIR; };
		BEA1FEAC21CABD6500152B15 /* Phunware.xcodeproj */ = {isa = PBXFileReference; lastKnownFileType = "wrapper.pb-project"; path = Phunware.xcodeproj; sourceTree = "<group>"; };
/* End PBXFileReference section */

/* Begin PBXFrameworksBuildPhase section */
		BE89B12521C96EF700923CED /* Frameworks */ = {
			isa = PBXFrameworksBuildPhase;
			buildActionMask = 2147483647;
			files = (
				BEA1FEB421CABD9600152B15 /* Phunware.framework in Frameworks */,
			);
			runOnlyForDeploymentPostprocessing = 0;
		};
/* End PBXFrameworksBuildPhase section */

/* Begin PBXGroup section */
		BE7CDFBE20E2D8E0009EC825 = {
			isa = PBXGroup;
			children = (
				BEA1FEAC21CABD6500152B15 /* Phunware.xcodeproj */,
				BE89B12921C96EF700923CED /* Sample */,
				BE7CDFC820E2D8E1009EC825 /* Products */,
				BE89B13A21C96F7500923CED /* Frameworks */,
			);
			sourceTree = "<group>";
		};
		BE7CDFC820E2D8E1009EC825 /* Products */ = {
			isa = PBXGroup;
			children = (
				BE89B12821C96EF700923CED /* Sample.app */,
			);
			name = Products;
			sourceTree = "<group>";
		};
		BE89B12921C96EF700923CED /* Sample */ = {
			isa = PBXGroup;
			children = (
				BE89B12A21C96EF700923CED /* AppDelegate.swift */,
				BE89B12C21C96EF700923CED /* ViewController.swift */,
				BE89B12E21C96EF700923CED /* Main.storyboard */,
				BE89B13121C96EF800923CED /* Assets.xcassets */,
				BE89B13321C96EF800923CED /* LaunchScreen.storyboard */,
				BE89B13621C96EF800923CED /* Info.plist */,
			);
			path = Sample;
			sourceTree = "<group>";
		};
		BE89B13A21C96F7500923CED /* Frameworks */ = {
			isa = PBXGroup;
			children = (
				BE89B13B21C96F7500923CED /* Phunware.framework */,
			);
			name = Frameworks;
			sourceTree = "<group>";
		};
		BEA1FEAD21CABD6500152B15 /* Products */ = {
			isa = PBXGroup;
			children = (
				BEA1FEB121CABD6500152B15 /* Phunware.framework */,
			);
			name = Products;
			sourceTree = "<group>";
		};
/* End PBXGroup section */

/* Begin PBXNativeTarget section */
		BE89B12721C96EF700923CED /* Sample */ = {
			isa = PBXNativeTarget;
			buildConfigurationList = BE89B13721C96EF800923CED /* Build configuration list for PBXNativeTarget "Sample" */;
			buildPhases = (
				BE89B12421C96EF700923CED /* Sources */,
				BE89B12521C96EF700923CED /* Frameworks */,
				BE89B12621C96EF700923CED /* Resources */,
			);
			buildRules = (
			);
			dependencies = (
			);
			name = Sample;
			productName = Sample;
			productReference = BE89B12821C96EF700923CED /* Sample.app */;
			productType = "com.apple.product-type.application";
		};
/* End PBXNativeTarget section */

/* Begin PBXProject section */
		BE7CDFBF20E2D8E0009EC825 /* Project object */ = {
			isa = PBXProject;
			attributes = {
				LastSwiftUpdateCheck = 1010;
				LastUpgradeCheck = 0940;
				ORGANIZATIONNAME = "Will Prevett";
				TargetAttributes = {
					BE89B12721C96EF700923CED = {
						CreatedOnToolsVersion = 10.1;
					};
				};
			};
			buildConfigurationList = BE7CDFC220E2D8E0009EC825 /* Build configuration list for PBXProject "Sample" */;
			compatibilityVersion = "Xcode 9.3";
			developmentRegion = en;
			hasScannedForEncodings = 0;
			knownRegions = (
				en,
				Base,
			);
			mainGroup = BE7CDFBE20E2D8E0009EC825;
			productRefGroup = BE7CDFC820E2D8E1009EC825 /* Products */;
			projectDirPath = "";
			projectReferences = (
				{
					ProductGroup = BEA1FEAD21CABD6500152B15 /* Products */;
					ProjectRef = BEA1FEAC21CABD6500152B15 /* Phunware.xcodeproj */;
				},
			);
			projectRoot = "";
			targets = (
				BE89B12721C96EF700923CED /* Sample */,
			);
		};
/* End PBXProject section */

/* Begin PBXReferenceProxy section */
		BEA1FEB121CABD6500152B15 /* Phunware.framework */ = {
			isa = PBXReferenceProxy;
			fileType = wrapper.framework;
			path = Phunware.framework;
			remoteRef = BEA1FEB021CABD6500152B15 /* PBXContainerItemProxy */;
			sourceTree = BUILT_PRODUCTS_DIR;
		};
/* End PBXReferenceProxy section */

/* Begin PBXResourcesBuildPhase section */
		BE89B12621C96EF700923CED /* Resources */ = {
			isa = PBXResourcesBuildPhase;
			buildActionMask = 2147483647;
			files = (
				BE89B13521C96EF800923CED /* LaunchScreen.storyboard in Resources */,
				BE89B13221C96EF800923CED /* Assets.xcassets in Resources */,
				BE89B13021C96EF700923CED /* Main.storyboard in Resources */,
			);
			runOnlyForDeploymentPostprocessing = 0;
		};
/* End PBXResourcesBuildPhase section */

/* Begin PBXSourcesBuildPhase section */
		BE89B12421C96EF700923CED /* Sources */ = {
			isa = PBXSourcesBuildPhase;
			buildActionMask = 2147483647;
			files = (
				BE89B12D21C96EF700923CED /* ViewController.swift in Sources */,
				BE89B12B21C96EF700923CED /* AppDelegate.swift in Sources */,
			);
			runOnlyForDeploymentPostprocessing = 0;
		};
/* End PBXSourcesBuildPhase section */

/* Begin PBXVariantGroup section */
		BE89B12E21C96EF700923CED /* Main.storyboard */ = {
			isa = PBXVariantGroup;
			children = (
				BE89B12F21C96EF700923CED /* Base */,
			);
			name = Main.storyboard;
			sourceTree = "<group>";
		};
		BE89B13321C96EF800923CED /* LaunchScreen.storyboard */ = {
			isa = PBXVariantGroup;
			children = (
				BE89B13421C96EF800923CED /* Base */,
			);
			name = LaunchScreen.storyboard;
			sourceTree = "<group>";
		};
/* End PBXVariantGroup section */

/* Begin XCBuildConfiguration section */
		BE7CDFD720E2D8E4009EC825 /* Debug */ = {
			isa = XCBuildConfiguration;
			buildSettings = {
				ALWAYS_SEARCH_USER_PATHS = NO;
				CLANG_ANALYZER_NONNULL = YES;
				CLANG_ANALYZER_NUMBER_OBJECT_CONVERSION = YES_AGGRESSIVE;
				CLANG_CXX_LANGUAGE_STANDARD = "gnu++14";
				CLANG_CXX_LIBRARY = "libc++";
				CLANG_ENABLE_MODULES = YES;
				CLANG_ENABLE_OBJC_ARC = YES;
				CLANG_ENABLE_OBJC_WEAK = YES;
				CLANG_WARN_BLOCK_CAPTURE_AUTORELEASING = YES;
				CLANG_WARN_BOOL_CONVERSION = YES;
				CLANG_WARN_COMMA = YES;
				CLANG_WARN_CONSTANT_CONVERSION = YES;
				CLANG_WARN_DEPRECATED_OBJC_IMPLEMENTATIONS = YES;
				CLANG_WARN_DIRECT_OBJC_ISA_USAGE = YES_ERROR;
				CLANG_WARN_DOCUMENTATION_COMMENTS = YES;
				CLANG_WARN_EMPTY_BODY = YES;
				CLANG_WARN_ENUM_CONVERSION = YES;
				CLANG_WARN_INFINITE_RECURSION = YES;
				CLANG_WARN_INT_CONVERSION = YES;
				CLANG_WARN_NON_LITERAL_NULL_CONVERSION = YES;
				CLANG_WARN_OBJC_IMPLICIT_RETAIN_SELF = YES;
				CLANG_WARN_OBJC_LITERAL_CONVERSION = YES;
				CLANG_WARN_OBJC_ROOT_CLASS = YES_ERROR;
				CLANG_WARN_RANGE_LOOP_ANALYSIS = YES;
				CLANG_WARN_STRICT_PROTOTYPES = YES;
				CLANG_WARN_SUSPICIOUS_MOVE = YES;
				CLANG_WARN_UNGUARDED_AVAILABILITY = YES_AGGRESSIVE;
				CLANG_WARN_UNREACHABLE_CODE = YES;
				CLANG_WARN__DUPLICATE_METHOD_MATCH = YES;
				CODE_SIGN_IDENTITY = "iPhone Developer";
				COPY_PHASE_STRIP = NO;
				DEBUG_INFORMATION_FORMAT = dwarf;
				ENABLE_STRICT_OBJC_MSGSEND = YES;
				ENABLE_TESTABILITY = YES;
				GCC_C_LANGUAGE_STANDARD = gnu11;
				GCC_DYNAMIC_NO_PIC = NO;
				GCC_NO_COMMON_BLOCKS = YES;
				GCC_OPTIMIZATION_LEVEL = 0;
				GCC_PREPROCESSOR_DEFINITIONS = (
					"DEBUG=1",
					"$(inherited)",
				);
				GCC_WARN_64_TO_32_BIT_CONVERSION = YES;
				GCC_WARN_ABOUT_RETURN_TYPE = YES_ERROR;
				GCC_WARN_UNDECLARED_SELECTOR = YES;
				GCC_WARN_UNINITIALIZED_AUTOS = YES_AGGRESSIVE;
				GCC_WARN_UNUSED_FUNCTION = YES;
				GCC_WARN_UNUSED_VARIABLE = YES;
				IPHONEOS_DEPLOYMENT_TARGET = 11.4;
				MTL_ENABLE_DEBUG_INFO = YES;
				ONLY_ACTIVE_ARCH = YES;
				SDKROOT = iphoneos;
				SWIFT_ACTIVE_COMPILATION_CONDITIONS = DEBUG;
				SWIFT_OPTIMIZATION_LEVEL = "-Onone";
			};
			name = Debug;
		};
		BE7CDFD820E2D8E4009EC825 /* Release */ = {
			isa = XCBuildConfiguration;
			buildSettings = {
				ALWAYS_SEARCH_USER_PATHS = NO;
				CLANG_ANALYZER_NONNULL = YES;
				CLANG_ANALYZER_NUMBER_OBJECT_CONVERSION = YES_AGGRESSIVE;
				CLANG_CXX_LANGUAGE_STANDARD = "gnu++14";
				CLANG_CXX_LIBRARY = "libc++";
				CLANG_ENABLE_MODULES = YES;
				CLANG_ENABLE_OBJC_ARC = YES;
				CLANG_ENABLE_OBJC_WEAK = YES;
				CLANG_WARN_BLOCK_CAPTURE_AUTORELEASING = YES;
				CLANG_WARN_BOOL_CONVERSION = YES;
				CLANG_WARN_COMMA = YES;
				CLANG_WARN_CONSTANT_CONVERSION = YES;
				CLANG_WARN_DEPRECATED_OBJC_IMPLEMENTATIONS = YES;
				CLANG_WARN_DIRECT_OBJC_ISA_USAGE = YES_ERROR;
				CLANG_WARN_DOCUMENTATION_COMMENTS = YES;
				CLANG_WARN_EMPTY_BODY = YES;
				CLANG_WARN_ENUM_CONVERSION = YES;
				CLANG_WARN_INFINITE_RECURSION = YES;
				CLANG_WARN_INT_CONVERSION = YES;
				CLANG_WARN_NON_LITERAL_NULL_CONVERSION = YES;
				CLANG_WARN_OBJC_IMPLICIT_RETAIN_SELF = YES;
				CLANG_WARN_OBJC_LITERAL_CONVERSION = YES;
				CLANG_WARN_OBJC_ROOT_CLASS = YES_ERROR;
				CLANG_WARN_RANGE_LOOP_ANALYSIS = YES;
				CLANG_WARN_STRICT_PROTOTYPES = YES;
				CLANG_WARN_SUSPICIOUS_MOVE = YES;
				CLANG_WARN_UNGUARDED_AVAILABILITY = YES_AGGRESSIVE;
				CLANG_WARN_UNREACHABLE_CODE = YES;
				CLANG_WARN__DUPLICATE_METHOD_MATCH = YES;
				CODE_SIGN_IDENTITY = "iPhone Developer";
				COPY_PHASE_STRIP = NO;
				DEBUG_INFORMATION_FORMAT = "dwarf-with-dsym";
				ENABLE_NS_ASSERTIONS = NO;
				ENABLE_STRICT_OBJC_MSGSEND = YES;
				GCC_C_LANGUAGE_STANDARD = gnu11;
				GCC_NO_COMMON_BLOCKS = YES;
				GCC_WARN_64_TO_32_BIT_CONVERSION = YES;
				GCC_WARN_ABOUT_RETURN_TYPE = YES_ERROR;
				GCC_WARN_UNDECLARED_SELECTOR = YES;
				GCC_WARN_UNINITIALIZED_AUTOS = YES_AGGRESSIVE;
				GCC_WARN_UNUSED_FUNCTION = YES;
				GCC_WARN_UNUSED_VARIABLE = YES;
				IPHONEOS_DEPLOYMENT_TARGET = 11.4;
				MTL_ENABLE_DEBUG_INFO = NO;
				SDKROOT = iphoneos;
				SWIFT_COMPILATION_MODE = wholemodule;
				SWIFT_OPTIMIZATION_LEVEL = "-O";
				VALIDATE_PRODUCT = YES;
			};
			name = Release;
		};
		BE89B13821C96EF800923CED /* Debug */ = {
			isa = XCBuildConfiguration;
			buildSettings = {
				ASSETCATALOG_COMPILER_APPICON_NAME = AppIcon;
				CODE_SIGN_STYLE = Automatic;
				DEVELOPMENT_TEAM = TX33T6HX43;
				INFOPLIST_FILE = Sample/Info.plist;
				IPHONEOS_DEPLOYMENT_TARGET = 10.1;
				LD_RUNPATH_SEARCH_PATHS = (
					"$(inherited)",
					"@executable_path/Frameworks",
				);
				MTL_ENABLE_DEBUG_INFO = INCLUDE_SOURCE;
				MTL_FAST_MATH = YES;
				PRODUCT_BUNDLE_IDENTIFIER = phunware.sample;
				PRODUCT_NAME = "$(TARGET_NAME)";
				SWIFT_VERSION = 4.2;
				TARGETED_DEVICE_FAMILY = "1,2";
			};
			name = Debug;
		};
		BE89B13921C96EF800923CED /* Release */ = {
			isa = XCBuildConfiguration;
			buildSettings = {
				ASSETCATALOG_COMPILER_APPICON_NAME = AppIcon;
				CODE_SIGN_STYLE = Automatic;
				DEVELOPMENT_TEAM = TX33T6HX43;
				INFOPLIST_FILE = Sample/Info.plist;
				IPHONEOS_DEPLOYMENT_TARGET = 10.1;
				LD_RUNPATH_SEARCH_PATHS = (
					"$(inherited)",
					"@executable_path/Frameworks",
				);
				MTL_FAST_MATH = YES;
				PRODUCT_BUNDLE_IDENTIFIER = phunware.sample;
				PRODUCT_NAME = "$(TARGET_NAME)";
				SWIFT_VERSION = 4.2;
				TARGETED_DEVICE_FAMILY = "1,2";
			};
			name = Release;
		};
/* End XCBuildConfiguration section */

/* Begin XCConfigurationList section */
		BE7CDFC220E2D8E0009EC825 /* Build configuration list for PBXProject "Sample" */ = {
			isa = XCConfigurationList;
			buildConfigurations = (
				BE7CDFD720E2D8E4009EC825 /* Debug */,
				BE7CDFD820E2D8E4009EC825 /* Release */,
			);
			defaultConfigurationIsVisible = 0;
			defaultConfigurationName = Release;
		};
		BE89B13721C96EF800923CED /* Build configuration list for PBXNativeTarget "Sample" */ = {
			isa = XCConfigurationList;
			buildConfigurations = (
				BE89B13821C96EF800923CED /* Debug */,
				BE89B13921C96EF800923CED /* Release */,
			);
			defaultConfigurationIsVisible = 0;
			defaultConfigurationName = Release;
		};
/* End XCConfigurationList section */
	};
	rootObject = BE7CDFBF20E2D8E0009EC825 /* Project object */;
}
